# generated by rye
# use `rye lock` or `rye sync` to update this lockfile
#
# last locked with the following flags:
#   pre: false
#   features: []
#   all-features: false
#   with-sources: false
#   generate-hashes: false

-e file:.
annotated-types==0.7.0
    # via pydantic
anyio==4.4.0
    # via httpx
    # via openai
certifi==2024.6.2
    # via httpcore
    # via httpx
    # via requests
charset-normalizer==3.3.2
    # via requests
distro==1.9.0
    # via openai
exa-py==1.0.12
    # via aisafetyeventsandtraining
h11==0.14.0
    # via httpcore
httpcore==1.0.5
    # via httpx
httpx==0.27.0
    # via openai
idna==3.7
    # via anyio
    # via httpx
    # via requests
openai==1.35.6
    # via exa-py
pydantic==2.7.4
    # via openai
pydantic-core==2.18.4
    # via pydantic
requests==2.32.3
    # via exa-py
sniffio==1.3.1
    # via anyio
    # via httpx
    # via openai
tqdm==4.66.4
    # via openai
typing-extensions==4.12.2
    # via exa-py
    # via openai
    # via pydantic
    # via pydantic-core
urllib3==2.2.2
    # via requests
